{
  "originHash" : "74350aa352c5d591ca8d4f79af1d4ddfebb8db922d44b4aaadfe4515f1da67a9",
  "pins" : [
    {
      "identity" : "iqkeyboardmanager",
      "kind" : "remoteSourceControl",
      "location" : "https://github.com/hackiftekhar/IQKeyboardManager",
      "state" : {
        "revision" : "5d30eba093678d05a6d5d1800f8c1d2121c7e3dd",
        "version" : "7.0.2"
      }
    }
  ],
  "version" : 3
}
